
Microsoft Visual Studio Solution File, Format Version 12.00
Project("{FAE04EC0-301F-11D3-BF4B-00C04F79EFBC}") = "RetroMedieval", "RetroMedieval\RetroMedieval.csproj", "{9E55A473-0216-4890-ADBB-1E5013C13AB6}"
EndProject
Project("{FAE04EC0-301F-11D3-BF4B-00C04F79EFBC}") = "RetroMedieval.Utils", "RetroMedieval.Utils\RetroMedieval.Utils.csproj", "{9642ECB9-9358-489E-AF91-35D6F517F354}"
EndProject
Project("{2150E333-8FDC-42A3-9474-1A3956D46DE8}") = "Frameworks", "Frameworks", "{EEDCB881-2C29-459D-89BE-EDD2870914FE}"
EndProject
Project("{FAE04EC0-301F-11D3-BF4B-00C04F79EFBC}") = "RetroMedieval.Modules", "RetroMedieval.Modules\RetroMedieval.Modules.csproj", "{54452196-1E4E-4338-9FAE-1033161455D6}"
EndProject
Project("{FAE04EC0-301F-11D3-BF4B-00C04F79EFBC}") = "RetroMedieval.Savers", "RetroMedieval.Savers\RetroMedieval.Savers.csproj", "{67E1116D-33CA-4D1C-AEB6-1BD5BDC68736}"
EndProject
Project("{2150E333-8FDC-42A3-9474-1A3956D46DE8}") = "Tests", "Tests", "{8E0BEFC6-4EE7-4C94-B26D-BF111EAC6F65}"
EndProject
Project("{FAE04EC0-301F-11D3-BF4B-00C04F79EFBC}") = "RetroMedieval.Tests.MySqlTest", "RetroMedieval.Tests.MySqlTest\RetroMedieval.Tests.MySqlTest.csproj", "{02E6655F-9A79-4F18-B31B-FA0391DAD4ED}"
EndProject
Project("{2150E333-8FDC-42A3-9474-1A3956D46DE8}") = "Modules", "Modules", "{2C92398D-0A48-4644-ACDF-D33EA41DEEC3}"
EndProject
Project("{FAE04EC0-301F-11D3-BF4B-00C04F79EFBC}") = "Zones", "Zones\Zones.csproj", "{AC611C6E-125B-4B2D-908E-D93F22972760}"
EndProject
Project("{FAE04EC0-301F-11D3-BF4B-00C04F79EFBC}") = "LootChest", "LootChest\LootChest.csproj", "{D49135FD-E86D-4AB0-9D08-3249093569D0}"
EndProject
Project("{FAE04EC0-301F-11D3-BF4B-00C04F79EFBC}") = "Warps", "Warps\Warps.csproj", "{D83FDC3B-A6E2-4D4E-A1E1-D3777594CA09}"
EndProject
Project("{FAE04EC0-301F-11D3-BF4B-00C04F79EFBC}") = "Kits", "Kits\Kits.csproj", "{590CD34D-7DF4-4E33-849D-1787422B62DF}"
EndProject
Project("{FAE04EC0-301F-11D3-BF4B-00C04F79EFBC}") = "DeadBodies", "DeadBodies\DeadBodies.csproj", "{0C454384-9541-4D38-A4B5-6931D5EB16FF}"
EndProject
Project("{FAE04EC0-301F-11D3-BF4B-00C04F79EFBC}") = "RetroMedieval.Shared", "RetroMedieval.Shared\RetroMedieval.Shared.csproj", "{DE4A11A7-E598-4147-AF71-C79CDDE855A9}"
EndProject
Project("{FAE04EC0-301F-11D3-BF4B-00C04F79EFBC}") = "ArmorEquip", "ArmorEquip\ArmorEquip.csproj", "{5939274F-7F60-45BE-8BE4-591D266C9D5A}"
EndProject
Project("{FAE04EC0-301F-11D3-BF4B-00C04F79EFBC}") = "Moderation", "Moderation\Moderation.csproj", "{B949A5CA-52CD-4BD6-8103-278575E4ECFB}"
EndProject
Global
	GlobalSection(SolutionConfigurationPlatforms) = preSolution
		Debug|Any CPU = Debug|Any CPU
		Release|Any CPU = Release|Any CPU
	EndGlobalSection
	GlobalSection(ProjectConfigurationPlatforms) = postSolution
		{9E55A473-0216-4890-ADBB-1E5013C13AB6}.Debug|Any CPU.ActiveCfg = Debug|Any CPU
		{9E55A473-0216-4890-ADBB-1E5013C13AB6}.Debug|Any CPU.Build.0 = Debug|Any CPU
		{9E55A473-0216-4890-ADBB-1E5013C13AB6}.Release|Any CPU.ActiveCfg = Release|Any CPU
		{9E55A473-0216-4890-ADBB-1E5013C13AB6}.Release|Any CPU.Build.0 = Release|Any CPU
		{9642ECB9-9358-489E-AF91-35D6F517F354}.Debug|Any CPU.ActiveCfg = Debug|Any CPU
		{9642ECB9-9358-489E-AF91-35D6F517F354}.Debug|Any CPU.Build.0 = Debug|Any CPU
		{9642ECB9-9358-489E-AF91-35D6F517F354}.Release|Any CPU.ActiveCfg = Release|Any CPU
		{9642ECB9-9358-489E-AF91-35D6F517F354}.Release|Any CPU.Build.0 = Release|Any CPU
		{54452196-1E4E-4338-9FAE-1033161455D6}.Debug|Any CPU.ActiveCfg = Debug|Any CPU
		{54452196-1E4E-4338-9FAE-1033161455D6}.Debug|Any CPU.Build.0 = Debug|Any CPU
		{54452196-1E4E-4338-9FAE-1033161455D6}.Release|Any CPU.ActiveCfg = Release|Any CPU
		{54452196-1E4E-4338-9FAE-1033161455D6}.Release|Any CPU.Build.0 = Release|Any CPU
		{67E1116D-33CA-4D1C-AEB6-1BD5BDC68736}.Debug|Any CPU.ActiveCfg = Debug|Any CPU
		{67E1116D-33CA-4D1C-AEB6-1BD5BDC68736}.Debug|Any CPU.Build.0 = Debug|Any CPU
		{67E1116D-33CA-4D1C-AEB6-1BD5BDC68736}.Release|Any CPU.ActiveCfg = Release|Any CPU
		{67E1116D-33CA-4D1C-AEB6-1BD5BDC68736}.Release|Any CPU.Build.0 = Release|Any CPU
		{02E6655F-9A79-4F18-B31B-FA0391DAD4ED}.Debug|Any CPU.ActiveCfg = Debug|Any CPU
		{02E6655F-9A79-4F18-B31B-FA0391DAD4ED}.Debug|Any CPU.Build.0 = Debug|Any CPU
		{02E6655F-9A79-4F18-B31B-FA0391DAD4ED}.Release|Any CPU.ActiveCfg = Release|Any CPU
		{02E6655F-9A79-4F18-B31B-FA0391DAD4ED}.Release|Any CPU.Build.0 = Release|Any CPU
		{AC611C6E-125B-4B2D-908E-D93F22972760}.Debug|Any CPU.ActiveCfg = Debug|Any CPU
		{AC611C6E-125B-4B2D-908E-D93F22972760}.Debug|Any CPU.Build.0 = Debug|Any CPU
		{AC611C6E-125B-4B2D-908E-D93F22972760}.Release|Any CPU.ActiveCfg = Release|Any CPU
		{AC611C6E-125B-4B2D-908E-D93F22972760}.Release|Any CPU.Build.0 = Release|Any CPU
		{D49135FD-E86D-4AB0-9D08-3249093569D0}.Debug|Any CPU.ActiveCfg = Debug|Any CPU
		{D49135FD-E86D-4AB0-9D08-3249093569D0}.Debug|Any CPU.Build.0 = Debug|Any CPU
		{D49135FD-E86D-4AB0-9D08-3249093569D0}.Release|Any CPU.ActiveCfg = Release|Any CPU
		{D49135FD-E86D-4AB0-9D08-3249093569D0}.Release|Any CPU.Build.0 = Release|Any CPU
		{D83FDC3B-A6E2-4D4E-A1E1-D3777594CA09}.Debug|Any CPU.ActiveCfg = Debug|Any CPU
		{D83FDC3B-A6E2-4D4E-A1E1-D3777594CA09}.Debug|Any CPU.Build.0 = Debug|Any CPU
		{D83FDC3B-A6E2-4D4E-A1E1-D3777594CA09}.Release|Any CPU.ActiveCfg = Release|Any CPU
		{D83FDC3B-A6E2-4D4E-A1E1-D3777594CA09}.Release|Any CPU.Build.0 = Release|Any CPU
		{590CD34D-7DF4-4E33-849D-1787422B62DF}.Debug|Any CPU.ActiveCfg = Debug|Any CPU
		{590CD34D-7DF4-4E33-849D-1787422B62DF}.Debug|Any CPU.Build.0 = Debug|Any CPU
		{590CD34D-7DF4-4E33-849D-1787422B62DF}.Release|Any CPU.ActiveCfg = Release|Any CPU
		{590CD34D-7DF4-4E33-849D-1787422B62DF}.Release|Any CPU.Build.0 = Release|Any CPU
		{0C454384-9541-4D38-A4B5-6931D5EB16FF}.Debug|Any CPU.ActiveCfg = Debug|Any CPU
		{0C454384-9541-4D38-A4B5-6931D5EB16FF}.Debug|Any CPU.Build.0 = Debug|Any CPU
		{0C454384-9541-4D38-A4B5-6931D5EB16FF}.Release|Any CPU.ActiveCfg = Release|Any CPU
		{0C454384-9541-4D38-A4B5-6931D5EB16FF}.Release|Any CPU.Build.0 = Release|Any CPU
		{DE4A11A7-E598-4147-AF71-C79CDDE855A9}.Debug|Any CPU.ActiveCfg = Debug|Any CPU
		{DE4A11A7-E598-4147-AF71-C79CDDE855A9}.Debug|Any CPU.Build.0 = Debug|Any CPU
		{DE4A11A7-E598-4147-AF71-C79CDDE855A9}.Release|Any CPU.ActiveCfg = Release|Any CPU
		{DE4A11A7-E598-4147-AF71-C79CDDE855A9}.Release|Any CPU.Build.0 = Release|Any CPU
		{5939274F-7F60-45BE-8BE4-591D266C9D5A}.Debug|Any CPU.ActiveCfg = Debug|Any CPU
		{5939274F-7F60-45BE-8BE4-591D266C9D5A}.Debug|Any CPU.Build.0 = Debug|Any CPU
		{5939274F-7F60-45BE-8BE4-591D266C9D5A}.Release|Any CPU.ActiveCfg = Release|Any CPU
		{5939274F-7F60-45BE-8BE4-591D266C9D5A}.Release|Any CPU.Build.0 = Release|Any CPU
		{B949A5CA-52CD-4BD6-8103-278575E4ECFB}.Debug|Any CPU.ActiveCfg = Debug|Any CPU
		{B949A5CA-52CD-4BD6-8103-278575E4ECFB}.Debug|Any CPU.Build.0 = Debug|Any CPU
		{B949A5CA-52CD-4BD6-8103-278575E4ECFB}.Release|Any CPU.ActiveCfg = Release|Any CPU
		{B949A5CA-52CD-4BD6-8103-278575E4ECFB}.Release|Any CPU.Build.0 = Release|Any CPU
	EndGlobalSection
	GlobalSection(NestedProjects) = preSolution
		{9642ECB9-9358-489E-AF91-35D6F517F354} = {EEDCB881-2C29-459D-89BE-EDD2870914FE}
		{54452196-1E4E-4338-9FAE-1033161455D6} = {EEDCB881-2C29-459D-89BE-EDD2870914FE}
		{67E1116D-33CA-4D1C-AEB6-1BD5BDC68736} = {EEDCB881-2C29-459D-89BE-EDD2870914FE}
		{02E6655F-9A79-4F18-B31B-FA0391DAD4ED} = {8E0BEFC6-4EE7-4C94-B26D-BF111EAC6F65}
		{AC611C6E-125B-4B2D-908E-D93F22972760} = {2C92398D-0A48-4644-ACDF-D33EA41DEEC3}
		{D49135FD-E86D-4AB0-9D08-3249093569D0} = {2C92398D-0A48-4644-ACDF-D33EA41DEEC3}
		{D83FDC3B-A6E2-4D4E-A1E1-D3777594CA09} = {2C92398D-0A48-4644-ACDF-D33EA41DEEC3}
		{590CD34D-7DF4-4E33-849D-1787422B62DF} = {2C92398D-0A48-4644-ACDF-D33EA41DEEC3}
		{0C454384-9541-4D38-A4B5-6931D5EB16FF} = {2C92398D-0A48-4644-ACDF-D33EA41DEEC3}
		{DE4A11A7-E598-4147-AF71-C79CDDE855A9} = {EEDCB881-2C29-459D-89BE-EDD2870914FE}
		{5939274F-7F60-45BE-8BE4-591D266C9D5A} = {2C92398D-0A48-4644-ACDF-D33EA41DEEC3}
		{B949A5CA-52CD-4BD6-8103-278575E4ECFB} = {2C92398D-0A48-4644-ACDF-D33EA41DEEC3}
	EndGlobalSection
EndGlobal
