
Microsoft Visual Studio Solution File, Format Version 12.00
Project("{FAE04EC0-301F-11D3-BF4B-00C04F79EFBC}") = "TheLostLand", "TheLostLand\TheLostLand.csproj", "{9E55A473-0216-4890-ADBB-1E5013C13AB6}"
EndProject
Project("{FAE04EC0-301F-11D3-BF4B-00C04F79EFBC}") = "TheLostLand.Core", "TheLostLand.Core\TheLostLand.Core.csproj", "{9642ECB9-9358-489E-AF91-35D6F517F354}"
EndProject
Project("{FAE04EC0-301F-11D3-BF4B-00C04F79EFBC}") = "TheLostLand.Savers", "TheLostLand.Savers\TheLostLand.Savers.csproj", "{62685150-2781-4A46-BB23-9A88635140AB}"
EndProject
Global
	GlobalSection(SolutionConfigurationPlatforms) = preSolution
		Debug|Any CPU = Debug|Any CPU
		Release|Any CPU = Release|Any CPU
	EndGlobalSection
	GlobalSection(ProjectConfigurationPlatforms) = postSolution
		{9E55A473-0216-4890-ADBB-1E5013C13AB6}.Debug|Any CPU.ActiveCfg = Debug|Any CPU
		{9E55A473-0216-4890-ADBB-1E5013C13AB6}.Debug|Any CPU.Build.0 = Debug|Any CPU
		{9E55A473-0216-4890-ADBB-1E5013C13AB6}.Release|Any CPU.ActiveCfg = Release|Any CPU
		{9E55A473-0216-4890-ADBB-1E5013C13AB6}.Release|Any CPU.Build.0 = Release|Any CPU
		{9642ECB9-9358-489E-AF91-35D6F517F354}.Debug|Any CPU.ActiveCfg = Debug|Any CPU
		{9642ECB9-9358-489E-AF91-35D6F517F354}.Debug|Any CPU.Build.0 = Debug|Any CPU
		{9642ECB9-9358-489E-AF91-35D6F517F354}.Release|Any CPU.ActiveCfg = Release|Any CPU
		{9642ECB9-9358-489E-AF91-35D6F517F354}.Release|Any CPU.Build.0 = Release|Any CPU
		{62685150-2781-4A46-BB23-9A88635140AB}.Debug|Any CPU.ActiveCfg = Debug|Any CPU
		{62685150-2781-4A46-BB23-9A88635140AB}.Debug|Any CPU.Build.0 = Debug|Any CPU
		{62685150-2781-4A46-BB23-9A88635140AB}.Release|Any CPU.ActiveCfg = Release|Any CPU
		{62685150-2781-4A46-BB23-9A88635140AB}.Release|Any CPU.Build.0 = Release|Any CPU
	EndGlobalSection
EndGlobal
