
Microsoft Visual Studio Solution File, Format Version 12.00
Project("{FAE04EC0-301F-11D3-BF4B-00C04F79EFBC}") = "TheLostLand", "TheLostLand\TheLostLand.csproj", "{9E55A473-0216-4890-ADBB-1E5013C13AB6}"
EndProject
Project("{FAE04EC0-301F-11D3-BF4B-00C04F79EFBC}") = "TheLostLand.Utils", "TheLostLand.Utils\TheLostLand.Utils.csproj", "{9642ECB9-9358-489E-AF91-35D6F517F354}"
EndProject
Project("{2150E333-8FDC-42A3-9474-1A3956D46DE8}") = "Frameworks", "Frameworks", "{EEDCB881-2C29-459D-89BE-EDD2870914FE}"
EndProject
Project("{FAE04EC0-301F-11D3-BF4B-00C04F79EFBC}") = "TheLostLand.Modules", "TheLostLand.Modules\TheLostLand.Modules.csproj", "{54452196-1E4E-4338-9FAE-1033161455D6}"
EndProject
Project("{FAE04EC0-301F-11D3-BF4B-00C04F79EFBC}") = "TheLostLand.Savers", "TheLostLand.Savers\TheLostLand.Savers.csproj", "{67E1116D-33CA-4D1C-AEB6-1BD5BDC68736}"
EndProject
Global
	GlobalSection(SolutionConfigurationPlatforms) = preSolution
		Debug|Any CPU = Debug|Any CPU
		Release|Any CPU = Release|Any CPU
	EndGlobalSection
	GlobalSection(ProjectConfigurationPlatforms) = postSolution
		{9E55A473-0216-4890-ADBB-1E5013C13AB6}.Debug|Any CPU.ActiveCfg = Debug|Any CPU
		{9E55A473-0216-4890-ADBB-1E5013C13AB6}.Debug|Any CPU.Build.0 = Debug|Any CPU
		{9E55A473-0216-4890-ADBB-1E5013C13AB6}.Release|Any CPU.ActiveCfg = Release|Any CPU
		{9E55A473-0216-4890-ADBB-1E5013C13AB6}.Release|Any CPU.Build.0 = Release|Any CPU
		{9642ECB9-9358-489E-AF91-35D6F517F354}.Debug|Any CPU.ActiveCfg = Debug|Any CPU
		{9642ECB9-9358-489E-AF91-35D6F517F354}.Debug|Any CPU.Build.0 = Debug|Any CPU
		{9642ECB9-9358-489E-AF91-35D6F517F354}.Release|Any CPU.ActiveCfg = Release|Any CPU
		{9642ECB9-9358-489E-AF91-35D6F517F354}.Release|Any CPU.Build.0 = Release|Any CPU
		{54452196-1E4E-4338-9FAE-1033161455D6}.Debug|Any CPU.ActiveCfg = Debug|Any CPU
		{54452196-1E4E-4338-9FAE-1033161455D6}.Debug|Any CPU.Build.0 = Debug|Any CPU
		{54452196-1E4E-4338-9FAE-1033161455D6}.Release|Any CPU.ActiveCfg = Release|Any CPU
		{54452196-1E4E-4338-9FAE-1033161455D6}.Release|Any CPU.Build.0 = Release|Any CPU
		{67E1116D-33CA-4D1C-AEB6-1BD5BDC68736}.Debug|Any CPU.ActiveCfg = Debug|Any CPU
		{67E1116D-33CA-4D1C-AEB6-1BD5BDC68736}.Debug|Any CPU.Build.0 = Debug|Any CPU
		{67E1116D-33CA-4D1C-AEB6-1BD5BDC68736}.Release|Any CPU.ActiveCfg = Release|Any CPU
		{67E1116D-33CA-4D1C-AEB6-1BD5BDC68736}.Release|Any CPU.Build.0 = Release|Any CPU
	EndGlobalSection
	GlobalSection(NestedProjects) = preSolution
		{9642ECB9-9358-489E-AF91-35D6F517F354} = {EEDCB881-2C29-459D-89BE-EDD2870914FE}
		{54452196-1E4E-4338-9FAE-1033161455D6} = {EEDCB881-2C29-459D-89BE-EDD2870914FE}
		{67E1116D-33CA-4D1C-AEB6-1BD5BDC68736} = {EEDCB881-2C29-459D-89BE-EDD2870914FE}
	EndGlobalSection
EndGlobal
